
Microsoft Visual Studio Solution File, Format Version 12.00
# Visual Studio Version 17
VisualStudioVersion = 17.14.36717.8
MinimumVisualStudioVersion = 10.0.40219.1
Project("{FAE04EC0-301F-11D3-BF4B-00C04F79EFBC}") = "Article00", "Article00\Article00.csproj", "{C6ADA1BF-4B84-4C4C-B56B-A521944844B4}"
EndProject
Project("{FAE04EC0-301F-11D3-BF4B-00C04F79EFBC}") = "Article01", "Article01\Article01.csproj", "{96AC1DB4-7CE3-4003-94F9-ABDE09AF12F9}"
EndProject
Project("{FAE04EC0-301F-11D3-BF4B-00C04F79EFBC}") = "Article02", "Article02\Article02.csproj", "{51AAB438-1D8A-4B7B-AD7F-363B1D7690D5}"
EndProject
Project("{FAE04EC0-301F-11D3-BF4B-00C04F79EFBC}") = "Article03", "Article03\Article03.csproj", "{83D6BF0E-3113-4FFC-8DB9-4C371071082A}"
EndProject
Project("{FAE04EC0-301F-11D3-BF4B-00C04F79EFBC}") = "Article05", "Article05\Article05.csproj", "{5493D11B-8CCB-4FDD-888B-E2B405BF5391}"
EndProject
Project("{FAE04EC0-301F-11D3-BF4B-00C04F79EFBC}") = "Article06", "Article06\Article06.csproj", "{13644B32-1830-4F1C-924B-1EC27D568646}"
EndProject
Project("{FAE04EC0-301F-11D3-BF4B-00C04F79EFBC}") = "Article07", "Article07\Article07.csproj", "{B701B14E-C769-4C33-BADC-8127C8F202D5}"
EndProject
Project("{FAE04EC0-301F-11D3-BF4B-00C04F79EFBC}") = "Article08", "Article08\Article08.csproj", "{317B928B-A7D9-48D8-8E94-BE6A4E8EA09F}"
EndProject
Project("{FAE04EC0-301F-11D3-BF4B-00C04F79EFBC}") = "Article09", "Article09\Article09.csproj", "{00551DA1-B386-4DD6-B2B8-DB8CE667DC95}"
EndProject
Project("{FAE04EC0-301F-11D3-BF4B-00C04F79EFBC}") = "Article10", "Article10\Article10.csproj", "{876689B3-D3C0-4BC6-980B-0C1D2A3E4472}"
EndProject
Project("{FAE04EC0-301F-11D3-BF4B-00C04F79EFBC}") = "Article11", "Article11\Article11.csproj", "{B6F1B9C0-9D5A-4C64-A709-D150D16ADE31}"
EndProject
Project("{FAE04EC0-301F-11D3-BF4B-00C04F79EFBC}") = "Article12", "Article12\Article12.csproj", "{DFEFF763-4582-40A4-83B8-4AFB4ED156C3}"
EndProject
Project("{FAE04EC0-301F-11D3-BF4B-00C04F79EFBC}") = "Article13", "Article13\Article13.csproj", "{01E6AF07-3146-45FF-9B0F-14171DA08AF3}"
EndProject
Project("{FAE04EC0-301F-11D3-BF4B-00C04F79EFBC}") = "Article14", "Article14\Article14.csproj", "{8B8567EE-CF19-41CF-8F98-307B49B8F0D3}"
EndProject
Project("{FAE04EC0-301F-11D3-BF4B-00C04F79EFBC}") = "Article15", "Article15\Article15.csproj", "{E9CD4D2A-36C0-4685-9E32-D7020A76E5C6}"
EndProject
Project("{FAE04EC0-301F-11D3-BF4B-00C04F79EFBC}") = "Article16", "Article16\Article16.csproj", "{C2B30F4B-1DB7-457E-82DE-30698E554F63}"
EndProject
Project("{FAE04EC0-301F-11D3-BF4B-00C04F79EFBC}") = "Article17", "Article17\Article17.csproj", "{01167283-CF01-4379-AF5A-4B89D15FD5A1}"
EndProject
Project("{FAE04EC0-301F-11D3-BF4B-00C04F79EFBC}") = "Article18", "Article18\Article18.csproj", "{D0EBD413-0A37-4601-9695-83A45B3CFE11}"
EndProject
Project("{FAE04EC0-301F-11D3-BF4B-00C04F79EFBC}") = "Article19", "Article19\Article19.csproj", "{434D3FF8-A2F4-43FA-9EB6-7B48AD978517}"
EndProject
Project("{FAE04EC0-301F-11D3-BF4B-00C04F79EFBC}") = "Article20", "Article20\Article20.csproj", "{7D5D7CE4-C8ED-4A2D-B7DA-5616FC7595F8}"
EndProject
Project("{FAE04EC0-301F-11D3-BF4B-00C04F79EFBC}") = "Article21", "Article21\Article21.csproj", "{DBFA6A18-B08A-4AEC-B3CD-43B8332F7B09}"
EndProject
Project("{FAE04EC0-301F-11D3-BF4B-00C04F79EFBC}") = "Article22", "Article22\Article22.csproj", "{5C9A181C-2B8C-46CF-B5B9-A3BBB96718CF}"
EndProject
Project("{FAE04EC0-301F-11D3-BF4B-00C04F79EFBC}") = "Article23", "Article23\Article23.csproj", "{5EC6F667-69EA-427B-9E50-0C04D6510983}"
EndProject
Project("{FAE04EC0-301F-11D3-BF4B-00C04F79EFBC}") = "Article24", "Article24\Article24.csproj", "{65B3EA8E-B258-40D1-B1A4-732FBC15F0CA}"
EndProject
Project("{FAE04EC0-301F-11D3-BF4B-00C04F79EFBC}") = "Article25", "Article25\Article25.csproj", "{76D586C3-465A-42EE-AAFD-A1B41205D698}"
EndProject
Project("{FAE04EC0-301F-11D3-BF4B-00C04F79EFBC}") = "Article26", "Article26\Article26.csproj", "{3E338F05-F896-4CD0-AE14-4CB74B8E120E}"
EndProject
Project("{FAE04EC0-301F-11D3-BF4B-00C04F79EFBC}") = "Menu", "Menu\Menu.csproj", "{EA4BD1EE-D045-4B58-AA0F-0B252E9B8194}"
EndProject
Project("{FAE04EC0-301F-11D3-BF4B-00C04F79EFBC}") = "Article_QuanLy", "Article_QuanLy\Article_QuanLy.csproj", "{81CFDA9E-F697-4C61-A203-2F724F516B38}"
EndProject
Global
	GlobalSection(SolutionConfigurationPlatforms) = preSolution
		Debug|Any CPU = Debug|Any CPU
		Release|Any CPU = Release|Any CPU
	EndGlobalSection
	GlobalSection(ProjectConfigurationPlatforms) = postSolution
		{C6ADA1BF-4B84-4C4C-B56B-A521944844B4}.Debug|Any CPU.ActiveCfg = Debug|Any CPU
		{C6ADA1BF-4B84-4C4C-B56B-A521944844B4}.Debug|Any CPU.Build.0 = Debug|Any CPU
		{C6ADA1BF-4B84-4C4C-B56B-A521944844B4}.Release|Any CPU.ActiveCfg = Release|Any CPU
		{C6ADA1BF-4B84-4C4C-B56B-A521944844B4}.Release|Any CPU.Build.0 = Release|Any CPU
		{96AC1DB4-7CE3-4003-94F9-ABDE09AF12F9}.Debug|Any CPU.ActiveCfg = Debug|Any CPU
		{96AC1DB4-7CE3-4003-94F9-ABDE09AF12F9}.Debug|Any CPU.Build.0 = Debug|Any CPU
		{96AC1DB4-7CE3-4003-94F9-ABDE09AF12F9}.Release|Any CPU.ActiveCfg = Release|Any CPU
		{96AC1DB4-7CE3-4003-94F9-ABDE09AF12F9}.Release|Any CPU.Build.0 = Release|Any CPU
		{51AAB438-1D8A-4B7B-AD7F-363B1D7690D5}.Debug|Any CPU.ActiveCfg = Debug|Any CPU
		{51AAB438-1D8A-4B7B-AD7F-363B1D7690D5}.Debug|Any CPU.Build.0 = Debug|Any CPU
		{51AAB438-1D8A-4B7B-AD7F-363B1D7690D5}.Release|Any CPU.ActiveCfg = Release|Any CPU
		{51AAB438-1D8A-4B7B-AD7F-363B1D7690D5}.Release|Any CPU.Build.0 = Release|Any CPU
		{83D6BF0E-3113-4FFC-8DB9-4C371071082A}.Debug|Any CPU.ActiveCfg = Debug|Any CPU
		{83D6BF0E-3113-4FFC-8DB9-4C371071082A}.Debug|Any CPU.Build.0 = Debug|Any CPU
		{83D6BF0E-3113-4FFC-8DB9-4C371071082A}.Release|Any CPU.ActiveCfg = Release|Any CPU
		{83D6BF0E-3113-4FFC-8DB9-4C371071082A}.Release|Any CPU.Build.0 = Release|Any CPU
		{5493D11B-8CCB-4FDD-888B-E2B405BF5391}.Debug|Any CPU.ActiveCfg = Debug|Any CPU
		{5493D11B-8CCB-4FDD-888B-E2B405BF5391}.Debug|Any CPU.Build.0 = Debug|Any CPU
		{5493D11B-8CCB-4FDD-888B-E2B405BF5391}.Release|Any CPU.ActiveCfg = Release|Any CPU
		{5493D11B-8CCB-4FDD-888B-E2B405BF5391}.Release|Any CPU.Build.0 = Release|Any CPU
		{13644B32-1830-4F1C-924B-1EC27D568646}.Debug|Any CPU.ActiveCfg = Debug|Any CPU
		{13644B32-1830-4F1C-924B-1EC27D568646}.Debug|Any CPU.Build.0 = Debug|Any CPU
		{13644B32-1830-4F1C-924B-1EC27D568646}.Release|Any CPU.ActiveCfg = Release|Any CPU
		{13644B32-1830-4F1C-924B-1EC27D568646}.Release|Any CPU.Build.0 = Release|Any CPU
		{B701B14E-C769-4C33-BADC-8127C8F202D5}.Debug|Any CPU.ActiveCfg = Debug|Any CPU
		{B701B14E-C769-4C33-BADC-8127C8F202D5}.Debug|Any CPU.Build.0 = Debug|Any CPU
		{B701B14E-C769-4C33-BADC-8127C8F202D5}.Release|Any CPU.ActiveCfg = Release|Any CPU
		{B701B14E-C769-4C33-BADC-8127C8F202D5}.Release|Any CPU.Build.0 = Release|Any CPU
		{317B928B-A7D9-48D8-8E94-BE6A4E8EA09F}.Debug|Any CPU.ActiveCfg = Debug|Any CPU
		{317B928B-A7D9-48D8-8E94-BE6A4E8EA09F}.Debug|Any CPU.Build.0 = Debug|Any CPU
		{317B928B-A7D9-48D8-8E94-BE6A4E8EA09F}.Release|Any CPU.ActiveCfg = Release|Any CPU
		{317B928B-A7D9-48D8-8E94-BE6A4E8EA09F}.Release|Any CPU.Build.0 = Release|Any CPU
		{00551DA1-B386-4DD6-B2B8-DB8CE667DC95}.Debug|Any CPU.ActiveCfg = Debug|Any CPU
		{00551DA1-B386-4DD6-B2B8-DB8CE667DC95}.Debug|Any CPU.Build.0 = Debug|Any CPU
		{00551DA1-B386-4DD6-B2B8-DB8CE667DC95}.Release|Any CPU.ActiveCfg = Release|Any CPU
		{00551DA1-B386-4DD6-B2B8-DB8CE667DC95}.Release|Any CPU.Build.0 = Release|Any CPU
		{876689B3-D3C0-4BC6-980B-0C1D2A3E4472}.Debug|Any CPU.ActiveCfg = Debug|Any CPU
		{876689B3-D3C0-4BC6-980B-0C1D2A3E4472}.Debug|Any CPU.Build.0 = Debug|Any CPU
		{876689B3-D3C0-4BC6-980B-0C1D2A3E4472}.Release|Any CPU.ActiveCfg = Release|Any CPU
		{876689B3-D3C0-4BC6-980B-0C1D2A3E4472}.Release|Any CPU.Build.0 = Release|Any CPU
		{B6F1B9C0-9D5A-4C64-A709-D150D16ADE31}.Debug|Any CPU.ActiveCfg = Debug|Any CPU
		{B6F1B9C0-9D5A-4C64-A709-D150D16ADE31}.Debug|Any CPU.Build.0 = Debug|Any CPU
		{B6F1B9C0-9D5A-4C64-A709-D150D16ADE31}.Release|Any CPU.ActiveCfg = Release|Any CPU
		{B6F1B9C0-9D5A-4C64-A709-D150D16ADE31}.Release|Any CPU.Build.0 = Release|Any CPU
		{DFEFF763-4582-40A4-83B8-4AFB4ED156C3}.Debug|Any CPU.ActiveCfg = Debug|Any CPU
		{DFEFF763-4582-40A4-83B8-4AFB4ED156C3}.Debug|Any CPU.Build.0 = Debug|Any CPU
		{DFEFF763-4582-40A4-83B8-4AFB4ED156C3}.Release|Any CPU.ActiveCfg = Release|Any CPU
		{DFEFF763-4582-40A4-83B8-4AFB4ED156C3}.Release|Any CPU.Build.0 = Release|Any CPU
		{01E6AF07-3146-45FF-9B0F-14171DA08AF3}.Debug|Any CPU.ActiveCfg = Debug|Any CPU
		{01E6AF07-3146-45FF-9B0F-14171DA08AF3}.Debug|Any CPU.Build.0 = Debug|Any CPU
		{01E6AF07-3146-45FF-9B0F-14171DA08AF3}.Release|Any CPU.ActiveCfg = Release|Any CPU
		{01E6AF07-3146-45FF-9B0F-14171DA08AF3}.Release|Any CPU.Build.0 = Release|Any CPU
		{8B8567EE-CF19-41CF-8F98-307B49B8F0D3}.Debug|Any CPU.ActiveCfg = Debug|Any CPU
		{8B8567EE-CF19-41CF-8F98-307B49B8F0D3}.Debug|Any CPU.Build.0 = Debug|Any CPU
		{8B8567EE-CF19-41CF-8F98-307B49B8F0D3}.Release|Any CPU.ActiveCfg = Release|Any CPU
		{8B8567EE-CF19-41CF-8F98-307B49B8F0D3}.Release|Any CPU.Build.0 = Release|Any CPU
		{E9CD4D2A-36C0-4685-9E32-D7020A76E5C6}.Debug|Any CPU.ActiveCfg = Debug|Any CPU
		{E9CD4D2A-36C0-4685-9E32-D7020A76E5C6}.Debug|Any CPU.Build.0 = Debug|Any CPU
		{E9CD4D2A-36C0-4685-9E32-D7020A76E5C6}.Release|Any CPU.ActiveCfg = Release|Any CPU
		{E9CD4D2A-36C0-4685-9E32-D7020A76E5C6}.Release|Any CPU.Build.0 = Release|Any CPU
		{C2B30F4B-1DB7-457E-82DE-30698E554F63}.Debug|Any CPU.ActiveCfg = Debug|Any CPU
		{C2B30F4B-1DB7-457E-82DE-30698E554F63}.Debug|Any CPU.Build.0 = Debug|Any CPU
		{C2B30F4B-1DB7-457E-82DE-30698E554F63}.Release|Any CPU.ActiveCfg = Release|Any CPU
		{C2B30F4B-1DB7-457E-82DE-30698E554F63}.Release|Any CPU.Build.0 = Release|Any CPU
		{01167283-CF01-4379-AF5A-4B89D15FD5A1}.Debug|Any CPU.ActiveCfg = Debug|Any CPU
		{01167283-CF01-4379-AF5A-4B89D15FD5A1}.Debug|Any CPU.Build.0 = Debug|Any CPU
		{01167283-CF01-4379-AF5A-4B89D15FD5A1}.Release|Any CPU.ActiveCfg = Release|Any CPU
		{01167283-CF01-4379-AF5A-4B89D15FD5A1}.Release|Any CPU.Build.0 = Release|Any CPU
		{D0EBD413-0A37-4601-9695-83A45B3CFE11}.Debug|Any CPU.ActiveCfg = Debug|Any CPU
		{D0EBD413-0A37-4601-9695-83A45B3CFE11}.Debug|Any CPU.Build.0 = Debug|Any CPU
		{D0EBD413-0A37-4601-9695-83A45B3CFE11}.Release|Any CPU.ActiveCfg = Release|Any CPU
		{D0EBD413-0A37-4601-9695-83A45B3CFE11}.Release|Any CPU.Build.0 = Release|Any CPU
		{434D3FF8-A2F4-43FA-9EB6-7B48AD978517}.Debug|Any CPU.ActiveCfg = Debug|Any CPU
		{434D3FF8-A2F4-43FA-9EB6-7B48AD978517}.Debug|Any CPU.Build.0 = Debug|Any CPU
		{434D3FF8-A2F4-43FA-9EB6-7B48AD978517}.Release|Any CPU.ActiveCfg = Release|Any CPU
		{434D3FF8-A2F4-43FA-9EB6-7B48AD978517}.Release|Any CPU.Build.0 = Release|Any CPU
		{7D5D7CE4-C8ED-4A2D-B7DA-5616FC7595F8}.Debug|Any CPU.ActiveCfg = Debug|Any CPU
		{7D5D7CE4-C8ED-4A2D-B7DA-5616FC7595F8}.Debug|Any CPU.Build.0 = Debug|Any CPU
		{7D5D7CE4-C8ED-4A2D-B7DA-5616FC7595F8}.Release|Any CPU.ActiveCfg = Release|Any CPU
		{7D5D7CE4-C8ED-4A2D-B7DA-5616FC7595F8}.Release|Any CPU.Build.0 = Release|Any CPU
		{DBFA6A18-B08A-4AEC-B3CD-43B8332F7B09}.Debug|Any CPU.ActiveCfg = Debug|Any CPU
		{DBFA6A18-B08A-4AEC-B3CD-43B8332F7B09}.Debug|Any CPU.Build.0 = Debug|Any CPU
		{DBFA6A18-B08A-4AEC-B3CD-43B8332F7B09}.Release|Any CPU.ActiveCfg = Release|Any CPU
		{DBFA6A18-B08A-4AEC-B3CD-43B8332F7B09}.Release|Any CPU.Build.0 = Release|Any CPU
		{5C9A181C-2B8C-46CF-B5B9-A3BBB96718CF}.Debug|Any CPU.ActiveCfg = Debug|Any CPU
		{5C9A181C-2B8C-46CF-B5B9-A3BBB96718CF}.Debug|Any CPU.Build.0 = Debug|Any CPU
		{5C9A181C-2B8C-46CF-B5B9-A3BBB96718CF}.Release|Any CPU.ActiveCfg = Release|Any CPU
		{5C9A181C-2B8C-46CF-B5B9-A3BBB96718CF}.Release|Any CPU.Build.0 = Release|Any CPU
		{5EC6F667-69EA-427B-9E50-0C04D6510983}.Debug|Any CPU.ActiveCfg = Debug|Any CPU
		{5EC6F667-69EA-427B-9E50-0C04D6510983}.Debug|Any CPU.Build.0 = Debug|Any CPU
		{5EC6F667-69EA-427B-9E50-0C04D6510983}.Release|Any CPU.ActiveCfg = Release|Any CPU
		{5EC6F667-69EA-427B-9E50-0C04D6510983}.Release|Any CPU.Build.0 = Release|Any CPU
		{65B3EA8E-B258-40D1-B1A4-732FBC15F0CA}.Debug|Any CPU.ActiveCfg = Debug|Any CPU
		{65B3EA8E-B258-40D1-B1A4-732FBC15F0CA}.Debug|Any CPU.Build.0 = Debug|Any CPU
		{65B3EA8E-B258-40D1-B1A4-732FBC15F0CA}.Release|Any CPU.ActiveCfg = Release|Any CPU
		{65B3EA8E-B258-40D1-B1A4-732FBC15F0CA}.Release|Any CPU.Build.0 = Release|Any CPU
		{76D586C3-465A-42EE-AAFD-A1B41205D698}.Debug|Any CPU.ActiveCfg = Debug|Any CPU
		{76D586C3-465A-42EE-AAFD-A1B41205D698}.Debug|Any CPU.Build.0 = Debug|Any CPU
		{76D586C3-465A-42EE-AAFD-A1B41205D698}.Release|Any CPU.ActiveCfg = Release|Any CPU
		{76D586C3-465A-42EE-AAFD-A1B41205D698}.Release|Any CPU.Build.0 = Release|Any CPU
		{3E338F05-F896-4CD0-AE14-4CB74B8E120E}.Debug|Any CPU.ActiveCfg = Debug|Any CPU
		{3E338F05-F896-4CD0-AE14-4CB74B8E120E}.Debug|Any CPU.Build.0 = Debug|Any CPU
		{3E338F05-F896-4CD0-AE14-4CB74B8E120E}.Release|Any CPU.ActiveCfg = Release|Any CPU
		{3E338F05-F896-4CD0-AE14-4CB74B8E120E}.Release|Any CPU.Build.0 = Release|Any CPU
		{EA4BD1EE-D045-4B58-AA0F-0B252E9B8194}.Debug|Any CPU.ActiveCfg = Debug|Any CPU
		{EA4BD1EE-D045-4B58-AA0F-0B252E9B8194}.Debug|Any CPU.Build.0 = Debug|Any CPU
		{EA4BD1EE-D045-4B58-AA0F-0B252E9B8194}.Release|Any CPU.ActiveCfg = Release|Any CPU
		{EA4BD1EE-D045-4B58-AA0F-0B252E9B8194}.Release|Any CPU.Build.0 = Release|Any CPU
		{81CFDA9E-F697-4C61-A203-2F724F516B38}.Debug|Any CPU.ActiveCfg = Debug|Any CPU
		{81CFDA9E-F697-4C61-A203-2F724F516B38}.Debug|Any CPU.Build.0 = Debug|Any CPU
		{81CFDA9E-F697-4C61-A203-2F724F516B38}.Release|Any CPU.ActiveCfg = Release|Any CPU
		{81CFDA9E-F697-4C61-A203-2F724F516B38}.Release|Any CPU.Build.0 = Release|Any CPU
	EndGlobalSection
	GlobalSection(SolutionProperties) = preSolution
		HideSolutionNode = FALSE
	EndGlobalSection
	GlobalSection(ExtensibilityGlobals) = postSolution
		SolutionGuid = {32004DA6-F13C-498C-B49E-41F5709A792D}
	EndGlobalSection
EndGlobal
